{
  "version": 4,
  "terraform_version": "0.12.10",
  "serial": 10,
  "lineage": "dab86727-3568-e02d-d5ef-7d657f7efb89",
  "outputs": {},
  "resources": [
    {
      "module": "module.module1",
      "mode": "managed",
      "type": "aws_internet_gateway",
      "name": "main",
      "provider": "provider.aws",
      "instances": [
        {
          "schema_version": 0,
          "attributes": {
            "id": "igw-0ef268b137de7a0ce",
            "owner_id": "037837762332",
            "tags": {
              "Name": "myModule1IG"
            },
            "vpc_id": "vpc-078fdec404251c0bc"
          },
          "private": "bnVsbA==",
          "depends_on": [
            "aws_vpc.main"
          ]
        }
      ]
    },
    {
      "module": "module.module1",
      "mode": "managed",
      "type": "aws_route_table",
      "name": "main",
      "provider": "provider.aws",
      "instances": [
        {
          "schema_version": 0,
          "attributes": {
            "id": "rtb-012d0689538ba467d",
            "owner_id": "037837762332",
            "propagating_vgws": [],
            "route": [
              {
                "cidr_block": "0.0.0.0/0",
                "egress_only_gateway_id": "",
                "gateway_id": "igw-0ef268b137de7a0ce",
                "instance_id": "",
                "ipv6_cidr_block": "",
                "nat_gateway_id": "",
                "network_interface_id": "",
                "transit_gateway_id": "",
                "vpc_peering_connection_id": ""
              }
            ],
            "tags": {
              "Name": "myModule1RT"
            },
            "vpc_id": "vpc-078fdec404251c0bc"
          },
          "private": "bnVsbA==",
          "depends_on": [
            "aws_internet_gateway.main",
            "aws_vpc.main"
          ]
        }
      ]
    },
    {
      "module": "module.module1",
      "mode": "managed",
      "type": "aws_route_table_association",
      "name": "main",
      "each": "list",
      "provider": "provider.aws",
      "instances": [
        {
          "index_key": 0,
          "schema_version": 0,
          "attributes": {
            "id": "rtbassoc-0d8978ecdcfd88e02",
            "route_table_id": "rtb-012d0689538ba467d",
            "subnet_id": "subnet-06a0d439f34fded46"
          },
          "private": "bnVsbA==",
          "depends_on": [
            "aws_route_table.main",
            "aws_subnet.main"
          ]
        },
        {
          "index_key": 1,
          "schema_version": 0,
          "attributes": {
            "id": "rtbassoc-0009f8e5745f8f605",
            "route_table_id": "rtb-012d0689538ba467d",
            "subnet_id": "subnet-043c8689da63a7483"
          },
          "private": "bnVsbA==",
          "depends_on": [
            "aws_route_table.main",
            "aws_subnet.main"
          ]
        },
        {
          "index_key": 2,
          "schema_version": 0,
          "attributes": {
            "id": "rtbassoc-0d20239b1591ecc6c",
            "route_table_id": "rtb-012d0689538ba467d",
            "subnet_id": "subnet-00d51a1b6ee8dd104"
          },
          "private": "bnVsbA==",
          "depends_on": [
            "aws_route_table.main",
            "aws_subnet.main"
          ]
        }
      ]
    },
    {
      "module": "module.module1",
      "mode": "managed",
      "type": "aws_subnet",
      "name": "main",
      "each": "list",
      "provider": "provider.aws",
      "instances": [
        {
          "index_key": 0,
          "schema_version": 1,
          "attributes": {
            "arn": "arn:aws:ec2:us-east-1:037837762332:subnet/subnet-06a0d439f34fded46",
            "assign_ipv6_address_on_creation": false,
            "availability_zone": "us-east-1a",
            "availability_zone_id": "use1-az4",
            "cidr_block": "10.0.1.0/24",
            "id": "subnet-06a0d439f34fded46",
            "ipv6_cidr_block": "",
            "ipv6_cidr_block_association_id": "",
            "map_public_ip_on_launch": false,
            "owner_id": "037837762332",
            "tags": {
              "Name": "myModule1Subnet-0"
            },
            "timeouts": null,
            "vpc_id": "vpc-078fdec404251c0bc"
          },
          "private": "eyJlMmJmYjczMC1lY2FhLTExZTYtOGY4OC0zNDM2M2JjN2M0YzAiOnsiY3JlYXRlIjo2MDAwMDAwMDAwMDAsImRlbGV0ZSI6MTIwMDAwMDAwMDAwMH0sInNjaGVtYV92ZXJzaW9uIjoiMSJ9",
          "depends_on": [
            "aws_vpc.main"
          ]
        },
        {
          "index_key": 1,
          "schema_version": 1,
          "attributes": {
            "arn": "arn:aws:ec2:us-east-1:037837762332:subnet/subnet-043c8689da63a7483",
            "assign_ipv6_address_on_creation": false,
            "availability_zone": "us-east-1b",
            "availability_zone_id": "use1-az6",
            "cidr_block": "10.0.2.0/24",
            "id": "subnet-043c8689da63a7483",
            "ipv6_cidr_block": "",
            "ipv6_cidr_block_association_id": "",
            "map_public_ip_on_launch": false,
            "owner_id": "037837762332",
            "tags": {
              "Name": "myModule1Subnet-1"
            },
            "timeouts": null,
            "vpc_id": "vpc-078fdec404251c0bc"
          },
          "private": "eyJlMmJmYjczMC1lY2FhLTExZTYtOGY4OC0zNDM2M2JjN2M0YzAiOnsiY3JlYXRlIjo2MDAwMDAwMDAwMDAsImRlbGV0ZSI6MTIwMDAwMDAwMDAwMH0sInNjaGVtYV92ZXJzaW9uIjoiMSJ9",
          "depends_on": [
            "aws_vpc.main"
          ]
        },
        {
          "index_key": 2,
          "schema_version": 1,
          "attributes": {
            "arn": "arn:aws:ec2:us-east-1:037837762332:subnet/subnet-00d51a1b6ee8dd104",
            "assign_ipv6_address_on_creation": false,
            "availability_zone": "us-east-1c",
            "availability_zone_id": "use1-az1",
            "cidr_block": "10.0.3.0/24",
            "id": "subnet-00d51a1b6ee8dd104",
            "ipv6_cidr_block": "",
            "ipv6_cidr_block_association_id": "",
            "map_public_ip_on_launch": false,
            "owner_id": "037837762332",
            "tags": {
              "Name": "myModule1Subnet-2"
            },
            "timeouts": null,
            "vpc_id": "vpc-078fdec404251c0bc"
          },
          "private": "eyJlMmJmYjczMC1lY2FhLTExZTYtOGY4OC0zNDM2M2JjN2M0YzAiOnsiY3JlYXRlIjo2MDAwMDAwMDAwMDAsImRlbGV0ZSI6MTIwMDAwMDAwMDAwMH0sInNjaGVtYV92ZXJzaW9uIjoiMSJ9",
          "depends_on": [
            "aws_vpc.main"
          ]
        }
      ]
    },
    {
      "module": "module.module1",
      "mode": "managed",
      "type": "aws_vpc",
      "name": "main",
      "provider": "provider.aws",
      "instances": [
        {
          "schema_version": 1,
          "attributes": {
            "arn": "arn:aws:ec2:us-east-1:037837762332:vpc/vpc-078fdec404251c0bc",
            "assign_generated_ipv6_cidr_block": false,
            "cidr_block": "10.0.0.0/16",
            "default_network_acl_id": "acl-075786aa3fcc96ccf",
            "default_route_table_id": "rtb-023aba98d596eb8bd",
            "default_security_group_id": "sg-0ec1e6b9e9917c3ad",
            "dhcp_options_id": "dopt-ded73da4",
            "enable_classiclink": false,
            "enable_classiclink_dns_support": false,
            "enable_dns_hostnames": false,
            "enable_dns_support": true,
            "id": "vpc-078fdec404251c0bc",
            "instance_tenancy": "default",
            "ipv6_association_id": "",
            "ipv6_cidr_block": "",
            "main_route_table_id": "rtb-023aba98d596eb8bd",
            "owner_id": "037837762332",
            "tags": {
              "Name": "myModule1Vpc"
            }
          },
          "private": "eyJzY2hlbWFfdmVyc2lvbiI6IjEifQ=="
        }
      ]
    }
  ]
}
